// !$*UTF8*$!
{
	archiveVersion = 1;
	classes = {
	};
	objectVersion = 50;
	objects = {

/* Begin PBXBuildFile section */
		3A7FCF54233D218300180DD2 /* AppDelegate.swift in Sources */ = {isa = PBXBuildFile; fileRef = 3A7FCF53233D218300180DD2 /* AppDelegate.swift */; };
		3A7FCF56233D218300180DD2 /* SceneDelegate.swift in Sources */ = {isa = PBXBuildFile; fileRef = 3A7FCF55233D218300180DD2 /* SceneDelegate.swift */; };
		3A7FCF58233D218300180DD2 /* ViewController.swift in Sources */ = {isa = PBXBuildFile; fileRef = 3A7FCF57233D218300180DD2 /* ViewController.swift */; };
		3A7FCF5B233D218300180DD2 /* Main.storyboard in Resources */ = {isa = PBXBuildFile; fileRef = 3A7FCF59233D218300180DD2 /* Main.storyboard */; };
		3A7FCF5D233D218600180DD2 /* Assets.xcassets in Resources */ = {isa = PBXBuildFile; fileRef = 3A7FCF5C233D218600180DD2 /* Assets.xcassets */; };
		3A7FCF60233D218600180DD2 /* LaunchScreen.storyboard in Resources */ = {isa = PBXBuildFile; fileRef = 3A7FCF5E233D218600180DD2 /* LaunchScreen.storyboard */; };
		3A7FCF6B233D218600180DD2 /* collectionViewsLabTests.swift in Sources */ = {isa = PBXBuildFile; fileRef = 3A7FCF6A233D218600180DD2 /* collectionViewsLabTests.swift */; };
		3A7FCF76233D218600180DD2 /* collectionViewsLabUITests.swift in Sources */ = {isa = PBXBuildFile; fileRef = 3A7FCF75233D218600180DD2 /* collectionViewsLabUITests.swift */; };
		3A7FCF84233D223F00180DD2 /* CountryCollectionViewCell.swift in Sources */ = {isa = PBXBuildFile; fileRef = 3A7FCF83233D223F00180DD2 /* CountryCollectionViewCell.swift */; };
		3A7FCF86233D23AE00180DD2 /* CountryModel.swift in Sources */ = {isa = PBXBuildFile; fileRef = 3A7FCF85233D23AE00180DD2 /* CountryModel.swift */; };
		3A7FCF88233D23DD00180DD2 /* NetworkManager.swift in Sources */ = {isa = PBXBuildFile; fileRef = 3A7FCF87233D23DD00180DD2 /* NetworkManager.swift */; };
		3A7FCF8A233D23E200180DD2 /* AppError.swift in Sources */ = {isa = PBXBuildFile; fileRef = 3A7FCF89233D23E200180DD2 /* AppError.swift */; };
		3A7FCF8C233D23E600180DD2 /* ImageManager.swift in Sources */ = {isa = PBXBuildFile; fileRef = 3A7FCF8B233D23E600180DD2 /* ImageManager.swift */; };
		3A7FCF8E233D23F500180DD2 /* CountryAPIClient.swift in Sources */ = {isa = PBXBuildFile; fileRef = 3A7FCF8D233D23F500180DD2 /* CountryAPIClient.swift */; };
		3A7FCF95233D4EAE00180DD2 /* CountryDetailViewController.swift in Sources */ = {isa = PBXBuildFile; fileRef = 3A7FCF94233D4EAE00180DD2 /* CountryDetailViewController.swift */; };
/* End PBXBuildFile section */

/* Begin PBXContainerItemProxy section */
		3A7FCF67233D218600180DD2 /* PBXContainerItemProxy */ = {
			isa = PBXContainerItemProxy;
			containerPortal = 3A7FCF48233D218300180DD2 /* Project object */;
			proxyType = 1;
			remoteGlobalIDString = 3A7FCF4F233D218300180DD2;
			remoteInfo = collectionViewsLab;
		};
		3A7FCF72233D218600180DD2 /* PBXContainerItemProxy */ = {
			isa = PBXContainerItemProxy;
			containerPortal = 3A7FCF48233D218300180DD2 /* Project object */;
			proxyType = 1;
			remoteGlobalIDString = 3A7FCF4F233D218300180DD2;
			remoteInfo = collectionViewsLab;
		};
/* End PBXContainerItemProxy section */

/* Begin PBXFileReference section */
		3A7FCF50233D218300180DD2 /* collectionViewsLab.app */ = {isa = PBXFileReference; explicitFileType = wrapper.application; includeInIndex = 0; path = collectionViewsLab.app; sourceTree = BUILT_PRODUCTS_DIR; };
		3A7FCF53233D218300180DD2 /* AppDelegate.swift */ = {isa = PBXFileReference; lastKnownFileType = sourcecode.swift; path = AppDelegate.swift; sourceTree = "<group>"; };
		3A7FCF55233D218300180DD2 /* SceneDelegate.swift */ = {isa = PBXFileReference; lastKnownFileType = sourcecode.swift; path = SceneDelegate.swift; sourceTree = "<group>"; };
		3A7FCF57233D218300180DD2 /* ViewController.swift */ = {isa = PBXFileReference; lastKnownFileType = sourcecode.swift; path = ViewController.swift; sourceTree = "<group>"; };
		3A7FCF5A233D218300180DD2 /* Base */ = {isa = PBXFileReference; lastKnownFileType = file.storyboard; name = Base; path = Base.lproj/Main.storyboard; sourceTree = "<group>"; };
		3A7FCF5C233D218600180DD2 /* Assets.xcassets */ = {isa = PBXFileReference; lastKnownFileType = folder.assetcatalog; path = Assets.xcassets; sourceTree = "<group>"; };
		3A7FCF5F233D218600180DD2 /* Base */ = {isa = PBXFileReference; lastKnownFileType = file.storyboard; name = Base; path = Base.lproj/LaunchScreen.storyboard; sourceTree = "<group>"; };
		3A7FCF61233D218600180DD2 /* Info.plist */ = {isa = PBXFileReference; lastKnownFileType = text.plist.xml; path = Info.plist; sourceTree = "<group>"; };
		3A7FCF66233D218600180DD2 /* collectionViewsLabTests.xctest */ = {isa = PBXFileReference; explicitFileType = wrapper.cfbundle; includeInIndex = 0; path = collectionViewsLabTests.xctest; sourceTree = BUILT_PRODUCTS_DIR; };
		3A7FCF6A233D218600180DD2 /* collectionViewsLabTests.swift */ = {isa = PBXFileReference; lastKnownFileType = sourcecode.swift; path = collectionViewsLabTests.swift; sourceTree = "<group>"; };
		3A7FCF6C233D218600180DD2 /* Info.plist */ = {isa = PBXFileReference; lastKnownFileType = text.plist.xml; path = Info.plist; sourceTree = "<group>"; };
		3A7FCF71233D218600180DD2 /* collectionViewsLabUITests.xctest */ = {isa = PBXFileReference; explicitFileType = wrapper.cfbundle; includeInIndex = 0; path = collectionViewsLabUITests.xctest; sourceTree = BUILT_PRODUCTS_DIR; };
		3A7FCF75233D218600180DD2 /* collectionViewsLabUITests.swift */ = {isa = PBXFileReference; lastKnownFileType = sourcecode.swift; path = collectionViewsLabUITests.swift; sourceTree = "<group>"; };
		3A7FCF77233D218600180DD2 /* Info.plist */ = {isa = PBXFileReference; lastKnownFileType = text.plist.xml; path = Info.plist; sourceTree = "<group>"; };
		3A7FCF83233D223F00180DD2 /* CountryCollectionViewCell.swift */ = {isa = PBXFileReference; lastKnownFileType = sourcecode.swift; path = CountryCollectionViewCell.swift; sourceTree = "<group>"; };
		3A7FCF85233D23AE00180DD2 /* CountryModel.swift */ = {isa = PBXFileReference; fileEncoding = 4; lastKnownFileType = sourcecode.swift; path = CountryModel.swift; sourceTree = "<group>"; };
		3A7FCF87233D23DD00180DD2 /* NetworkManager.swift */ = {isa = PBXFileReference; fileEncoding = 4; lastKnownFileType = sourcecode.swift; path = NetworkManager.swift; sourceTree = "<group>"; };
		3A7FCF89233D23E200180DD2 /* AppError.swift */ = {isa = PBXFileReference; fileEncoding = 4; lastKnownFileType = sourcecode.swift; path = AppError.swift; sourceTree = "<group>"; };
		3A7FCF8B233D23E600180DD2 /* ImageManager.swift */ = {isa = PBXFileReference; fileEncoding = 4; lastKnownFileType = sourcecode.swift; path = ImageManager.swift; sourceTree = "<group>"; };
		3A7FCF8D233D23F500180DD2 /* CountryAPIClient.swift */ = {isa = PBXFileReference; lastKnownFileType = sourcecode.swift; path = CountryAPIClient.swift; sourceTree = "<group>"; };
		3A7FCF94233D4EAE00180DD2 /* CountryDetailViewController.swift */ = {isa = PBXFileReference; lastKnownFileType = sourcecode.swift; path = CountryDetailViewController.swift; sourceTree = "<group>"; };
/* End PBXFileReference section */

/* Begin PBXFrameworksBuildPhase section */
		3A7FCF4D233D218300180DD2 /* Frameworks */ = {
			isa = PBXFrameworksBuildPhase;
			buildActionMask = 2147483647;
			files = (
			);
			runOnlyForDeploymentPostprocessing = 0;
		};
		3A7FCF63233D218600180DD2 /* Frameworks */ = {
			isa = PBXFrameworksBuildPhase;
			buildActionMask = 2147483647;
			files = (
			);
			runOnlyForDeploymentPostprocessing = 0;
		};
		3A7FCF6E233D218600180DD2 /* Frameworks */ = {
			isa = PBXFrameworksBuildPhase;
			buildActionMask = 2147483647;
			files = (
			);
			runOnlyForDeploymentPostprocessing = 0;
		};
/* End PBXFrameworksBuildPhase section */

/* Begin PBXGroup section */
		3A7FCF47233D218300180DD2 = {
			isa = PBXGroup;
			children = (
				3A7FCF52233D218300180DD2 /* collectionViewsLab */,
				3A7FCF69233D218600180DD2 /* collectionViewsLabTests */,
				3A7FCF74233D218600180DD2 /* collectionViewsLabUITests */,
				3A7FCF51233D218300180DD2 /* Products */,
			);
			sourceTree = "<group>";
		};
		3A7FCF51233D218300180DD2 /* Products */ = {
			isa = PBXGroup;
			children = (
				3A7FCF50233D218300180DD2 /* collectionViewsLab.app */,
				3A7FCF66233D218600180DD2 /* collectionViewsLabTests.xctest */,
				3A7FCF71233D218600180DD2 /* collectionViewsLabUITests.xctest */,
			);
			name = Products;
			sourceTree = "<group>";
		};
		3A7FCF52233D218300180DD2 /* collectionViewsLab */ = {
			isa = PBXGroup;
			children = (
				3A7FCF53233D218300180DD2 /* AppDelegate.swift */,
				3A7FCF55233D218300180DD2 /* SceneDelegate.swift */,
				3A7FCF90233D24F500180DD2 /* View Controllers */,
				3A7FCF8F233D24E600180DD2 /* Network */,
				3A7FCF91233D250900180DD2 /* Models */,
				3A7FCF59233D218300180DD2 /* Main.storyboard */,
				3A7FCF5C233D218600180DD2 /* Assets.xcassets */,
				3A7FCF5E233D218600180DD2 /* LaunchScreen.storyboard */,
				3A7FCF61233D218600180DD2 /* Info.plist */,
			);
			path = collectionViewsLab;
			sourceTree = "<group>";
		};
		3A7FCF69233D218600180DD2 /* collectionViewsLabTests */ = {
			isa = PBXGroup;
			children = (
				3A7FCF6A233D218600180DD2 /* collectionViewsLabTests.swift */,
				3A7FCF6C233D218600180DD2 /* Info.plist */,
			);
			path = collectionViewsLabTests;
			sourceTree = "<group>";
		};
		3A7FCF74233D218600180DD2 /* collectionViewsLabUITests */ = {
			isa = PBXGroup;
			children = (
				3A7FCF75233D218600180DD2 /* collectionViewsLabUITests.swift */,
				3A7FCF77233D218600180DD2 /* Info.plist */,
			);
			path = collectionViewsLabUITests;
			sourceTree = "<group>";
		};
		3A7FCF8F233D24E600180DD2 /* Network */ = {
			isa = PBXGroup;
			children = (
				3A7FCF87233D23DD00180DD2 /* NetworkManager.swift */,
				3A7FCF89233D23E200180DD2 /* AppError.swift */,
				3A7FCF8B233D23E600180DD2 /* ImageManager.swift */,
				3A7FCF8D233D23F500180DD2 /* CountryAPIClient.swift */,
			);
			path = Network;
			sourceTree = "<group>";
		};
		3A7FCF90233D24F500180DD2 /* View Controllers */ = {
			isa = PBXGroup;
			children = (
				3A7FCF57233D218300180DD2 /* ViewController.swift */,
				3A7FCF94233D4EAE00180DD2 /* CountryDetailViewController.swift */,
				3A7FCF83233D223F00180DD2 /* CountryCollectionViewCell.swift */,
			);
			path = "View Controllers";
			sourceTree = "<group>";
		};
		3A7FCF91233D250900180DD2 /* Models */ = {
			isa = PBXGroup;
			children = (
				3A7FCF85233D23AE00180DD2 /* CountryModel.swift */,
			);
			path = Models;
			sourceTree = "<group>";
		};
/* End PBXGroup section */

/* Begin PBXNativeTarget section */
		3A7FCF4F233D218300180DD2 /* collectionViewsLab */ = {
			isa = PBXNativeTarget;
			buildConfigurationList = 3A7FCF7A233D218600180DD2 /* Build configuration list for PBXNativeTarget "collectionViewsLab" */;
			buildPhases = (
				3A7FCF4C233D218300180DD2 /* Sources */,
				3A7FCF4D233D218300180DD2 /* Frameworks */,
				3A7FCF4E233D218300180DD2 /* Resources */,
			);
			buildRules = (
			);
			dependencies = (
			);
			name = collectionViewsLab;
			productName = collectionViewsLab;
			productReference = 3A7FCF50233D218300180DD2 /* collectionViewsLab.app */;
			productType = "com.apple.product-type.application";
		};
		3A7FCF65233D218600180DD2 /* collectionViewsLabTests */ = {
			isa = PBXNativeTarget;
			buildConfigurationList = 3A7FCF7D233D218600180DD2 /* Build configuration list for PBXNativeTarget "collectionViewsLabTests" */;
			buildPhases = (
				3A7FCF62233D218600180DD2 /* Sources */,
				3A7FCF63233D218600180DD2 /* Frameworks */,
				3A7FCF64233D218600180DD2 /* Resources */,
			);
			buildRules = (
			);
			dependencies = (
				3A7FCF68233D218600180DD2 /* PBXTargetDependency */,
			);
			name = collectionViewsLabTests;
			productName = collectionViewsLabTests;
			productReference = 3A7FCF66233D218600180DD2 /* collectionViewsLabTests.xctest */;
			productType = "com.apple.product-type.bundle.unit-test";
		};
		3A7FCF70233D218600180DD2 /* collectionViewsLabUITests */ = {
			isa = PBXNativeTarget;
			buildConfigurationList = 3A7FCF80233D218600180DD2 /* Build configuration list for PBXNativeTarget "collectionViewsLabUITests" */;
			buildPhases = (
				3A7FCF6D233D218600180DD2 /* Sources */,
				3A7FCF6E233D218600180DD2 /* Frameworks */,
				3A7FCF6F233D218600180DD2 /* Resources */,
			);
			buildRules = (
			);
			dependencies = (
				3A7FCF73233D218600180DD2 /* PBXTargetDependency */,
			);
			name = collectionViewsLabUITests;
			productName = collectionViewsLabUITests;
			productReference = 3A7FCF71233D218600180DD2 /* collectionViewsLabUITests.xctest */;
			productType = "com.apple.product-type.bundle.ui-testing";
		};
/* End PBXNativeTarget section */

/* Begin PBXProject section */
		3A7FCF48233D218300180DD2 /* Project object */ = {
			isa = PBXProject;
			attributes = {
				LastSwiftUpdateCheck = 1100;
				LastUpgradeCheck = 1100;
				ORGANIZATIONNAME = "Sam Roman";
				TargetAttributes = {
					3A7FCF4F233D218300180DD2 = {
						CreatedOnToolsVersion = 11.0;
					};
					3A7FCF65233D218600180DD2 = {
						CreatedOnToolsVersion = 11.0;
						TestTargetID = 3A7FCF4F233D218300180DD2;
					};
					3A7FCF70233D218600180DD2 = {
						CreatedOnToolsVersion = 11.0;
						TestTargetID = 3A7FCF4F233D218300180DD2;
					};
				};
			};
			buildConfigurationList = 3A7FCF4B233D218300180DD2 /* Build configuration list for PBXProject "collectionViewsLab" */;
			compatibilityVersion = "Xcode 9.3";
			developmentRegion = en;
			hasScannedForEncodings = 0;
			knownRegions = (
				en,
				Base,
			);
			mainGroup = 3A7FCF47233D218300180DD2;
			productRefGroup = 3A7FCF51233D218300180DD2 /* Products */;
			projectDirPath = "";
			projectRoot = "";
			targets = (
				3A7FCF4F233D218300180DD2 /* collectionViewsLab */,
				3A7FCF65233D218600180DD2 /* collectionViewsLabTests */,
				3A7FCF70233D218600180DD2 /* collectionViewsLabUITests */,
			);
		};
/* End PBXProject section */

/* Begin PBXResourcesBuildPhase section */
		3A7FCF4E233D218300180DD2 /* Resources */ = {
			isa = PBXResourcesBuildPhase;
			buildActionMask = 2147483647;
			files = (
				3A7FCF60233D218600180DD2 /* LaunchScreen.storyboard in Resources */,
				3A7FCF5D233D218600180DD2 /* Assets.xcassets in Resources */,
				3A7FCF5B233D218300180DD2 /* Main.storyboard in Resources */,
			);
			runOnlyForDeploymentPostprocessing = 0;
		};
		3A7FCF64233D218600180DD2 /* Resources */ = {
			isa = PBXResourcesBuildPhase;
			buildActionMask = 2147483647;
			files = (
			);
			runOnlyForDeploymentPostprocessing = 0;
		};
		3A7FCF6F233D218600180DD2 /* Resources */ = {
			isa = PBXResourcesBuildPhase;
			buildActionMask = 2147483647;
			files = (
			);
			runOnlyForDeploymentPostprocessing = 0;
		};
/* End PBXResourcesBuildPhase section */

/* Begin PBXSourcesBuildPhase section */
		3A7FCF4C233D218300180DD2 /* Sources */ = {
			isa = PBXSourcesBuildPhase;
			buildActionMask = 2147483647;
			files = (
				3A7FCF88233D23DD00180DD2 /* NetworkManager.swift in Sources */,
				3A7FCF58233D218300180DD2 /* ViewController.swift in Sources */,
				3A7FCF84233D223F00180DD2 /* CountryCollectionViewCell.swift in Sources */,
				3A7FCF8C233D23E600180DD2 /* ImageManager.swift in Sources */,
				3A7FCF54233D218300180DD2 /* AppDelegate.swift in Sources */,
				3A7FCF8E233D23F500180DD2 /* CountryAPIClient.swift in Sources */,
				3A7FCF56233D218300180DD2 /* SceneDelegate.swift in Sources */,
				3A7FCF86233D23AE00180DD2 /* CountryModel.swift in Sources */,
				3A7FCF95233D4EAE00180DD2 /* CountryDetailViewController.swift in Sources */,
				3A7FCF8A233D23E200180DD2 /* AppError.swift in Sources */,
			);
			runOnlyForDeploymentPostprocessing = 0;
		};
		3A7FCF62233D218600180DD2 /* Sources */ = {
			isa = PBXSourcesBuildPhase;
			buildActionMask = 2147483647;
			files = (
				3A7FCF6B233D218600180DD2 /* collectionViewsLabTests.swift in Sources */,
			);
			runOnlyForDeploymentPostprocessing = 0;
		};
		3A7FCF6D233D218600180DD2 /* Sources */ = {
			isa = PBXSourcesBuildPhase;
			buildActionMask = 2147483647;
			files = (
				3A7FCF76233D218600180DD2 /* collectionViewsLabUITests.swift in Sources */,
			);
			runOnlyForDeploymentPostprocessing = 0;
		};
/* End PBXSourcesBuildPhase section */

/* Begin PBXTargetDependency section */
		3A7FCF68233D218600180DD2 /* PBXTargetDependency */ = {
			isa = PBXTargetDependency;
			target = 3A7FCF4F233D218300180DD2 /* collectionViewsLab */;
			targetProxy = 3A7FCF67233D218600180DD2 /* PBXContainerItemProxy */;
		};
		3A7FCF73233D218600180DD2 /* PBXTargetDependency */ = {
			isa = PBXTargetDependency;
			target = 3A7FCF4F233D218300180DD2 /* collectionViewsLab */;
			targetProxy = 3A7FCF72233D218600180DD2 /* PBXContainerItemProxy */;
		};
/* End PBXTargetDependency section */

/* Begin PBXVariantGroup section */
		3A7FCF59233D218300180DD2 /* Main.storyboard */ = {
			isa = PBXVariantGroup;
			children = (
				3A7FCF5A233D218300180DD2 /* Base */,
			);
			name = Main.storyboard;
			sourceTree = "<group>";
		};
		3A7FCF5E233D218600180DD2 /* LaunchScreen.storyboard */ = {
			isa = PBXVariantGroup;
			children = (
				3A7FCF5F233D218600180DD2 /* Base */,
			);
			name = LaunchScreen.storyboard;
			sourceTree = "<group>";
		};
/* End PBXVariantGroup section */

/* Begin XCBuildConfiguration section */
		3A7FCF78233D218600180DD2 /* Debug */ = {
			isa = XCBuildConfiguration;
			buildSettings = {
				ALWAYS_SEARCH_USER_PATHS = NO;
				CLANG_ANALYZER_NONNULL = YES;
				CLANG_ANALYZER_NUMBER_OBJECT_CONVERSION = YES_AGGRESSIVE;
				CLANG_CXX_LANGUAGE_STANDARD = "gnu++14";
				CLANG_CXX_LIBRARY = "libc++";
				CLANG_ENABLE_MODULES = YES;
				CLANG_ENABLE_OBJC_ARC = YES;
				CLANG_ENABLE_OBJC_WEAK = YES;
				CLANG_WARN_BLOCK_CAPTURE_AUTORELEASING = YES;
				CLANG_WARN_BOOL_CONVERSION = YES;
				CLANG_WARN_COMMA = YES;
				CLANG_WARN_CONSTANT_CONVERSION = YES;
				CLANG_WARN_DEPRECATED_OBJC_IMPLEMENTATIONS = YES;
				CLANG_WARN_DIRECT_OBJC_ISA_USAGE = YES_ERROR;
				CLANG_WARN_DOCUMENTATION_COMMENTS = YES;
				CLANG_WARN_EMPTY_BODY = YES;
				CLANG_WARN_ENUM_CONVERSION = YES;
				CLANG_WARN_INFINITE_RECURSION = YES;
				CLANG_WARN_INT_CONVERSION = YES;
				CLANG_WARN_NON_LITERAL_NULL_CONVERSION = YES;
				CLANG_WARN_OBJC_IMPLICIT_RETAIN_SELF = YES;
				CLANG_WARN_OBJC_LITERAL_CONVERSION = YES;
				CLANG_WARN_OBJC_ROOT_CLASS = YES_ERROR;
				CLANG_WARN_RANGE_LOOP_ANALYSIS = YES;
				CLANG_WARN_STRICT_PROTOTYPES = YES;
				CLANG_WARN_SUSPICIOUS_MOVE = YES;
				CLANG_WARN_UNGUARDED_AVAILABILITY = YES_AGGRESSIVE;
				CLANG_WARN_UNREACHABLE_CODE = YES;
				CLANG_WARN__DUPLICATE_METHOD_MATCH = YES;
				COPY_PHASE_STRIP = NO;
				DEBUG_INFORMATION_FORMAT = dwarf;
				ENABLE_STRICT_OBJC_MSGSEND = YES;
				ENABLE_TESTABILITY = YES;
				GCC_C_LANGUAGE_STANDARD = gnu11;
				GCC_DYNAMIC_NO_PIC = NO;
				GCC_NO_COMMON_BLOCKS = YES;
				GCC_OPTIMIZATION_LEVEL = 0;
				GCC_PREPROCESSOR_DEFINITIONS = (
					"DEBUG=1",
					"$(inherited)",
				);
				GCC_WARN_64_TO_32_BIT_CONVERSION = YES;
				GCC_WARN_ABOUT_RETURN_TYPE = YES_ERROR;
				GCC_WARN_UNDECLARED_SELECTOR = YES;
				GCC_WARN_UNINITIALIZED_AUTOS = YES_AGGRESSIVE;
				GCC_WARN_UNUSED_FUNCTION = YES;
				GCC_WARN_UNUSED_VARIABLE = YES;
				IPHONEOS_DEPLOYMENT_TARGET = 13.0;
				MTL_ENABLE_DEBUG_INFO = INCLUDE_SOURCE;
				MTL_FAST_MATH = YES;
				ONLY_ACTIVE_ARCH = YES;
				SDKROOT = iphoneos;
				SWIFT_ACTIVE_COMPILATION_CONDITIONS = DEBUG;
				SWIFT_OPTIMIZATION_LEVEL = "-Onone";
			};
			name = Debug;
		};
		3A7FCF79233D218600180DD2 /* Release */ = {
			isa = XCBuildConfiguration;
			buildSettings = {
				ALWAYS_SEARCH_USER_PATHS = NO;
				CLANG_ANALYZER_NONNULL = YES;
				CLANG_ANALYZER_NUMBER_OBJECT_CONVERSION = YES_AGGRESSIVE;
				CLANG_CXX_LANGUAGE_STANDARD = "gnu++14";
				CLANG_CXX_LIBRARY = "libc++";
				CLANG_ENABLE_MODULES = YES;
				CLANG_ENABLE_OBJC_ARC = YES;
				CLANG_ENABLE_OBJC_WEAK = YES;
				CLANG_WARN_BLOCK_CAPTURE_AUTORELEASING = YES;
				CLANG_WARN_BOOL_CONVERSION = YES;
				CLANG_WARN_COMMA = YES;
				CLANG_WARN_CONSTANT_CONVERSION = YES;
				CLANG_WARN_DEPRECATED_OBJC_IMPLEMENTATIONS = YES;
				CLANG_WARN_DIRECT_OBJC_ISA_USAGE = YES_ERROR;
				CLANG_WARN_DOCUMENTATION_COMMENTS = YES;
				CLANG_WARN_EMPTY_BODY = YES;
				CLANG_WARN_ENUM_CONVERSION = YES;
				CLANG_WARN_INFINITE_RECURSION = YES;
				CLANG_WARN_INT_CONVERSION = YES;
				CLANG_WARN_NON_LITERAL_NULL_CONVERSION = YES;
				CLANG_WARN_OBJC_IMPLICIT_RETAIN_SELF = YES;
				CLANG_WARN_OBJC_LITERAL_CONVERSION = YES;
				CLANG_WARN_OBJC_ROOT_CLASS = YES_ERROR;
				CLANG_WARN_RANGE_LOOP_ANALYSIS = YES;
				CLANG_WARN_STRICT_PROTOTYPES = YES;
				CLANG_WARN_SUSPICIOUS_MOVE = YES;
				CLANG_WARN_UNGUARDED_AVAILABILITY = YES_AGGRESSIVE;
				CLANG_WARN_UNREACHABLE_CODE = YES;
				CLANG_WARN__DUPLICATE_METHOD_MATCH = YES;
				COPY_PHASE_STRIP = NO;
				DEBUG_INFORMATION_FORMAT = "dwarf-with-dsym";
				ENABLE_NS_ASSERTIONS = NO;
				ENABLE_STRICT_OBJC_MSGSEND = YES;
				GCC_C_LANGUAGE_STANDARD = gnu11;
				GCC_NO_COMMON_BLOCKS = YES;
				GCC_WARN_64_TO_32_BIT_CONVERSION = YES;
				GCC_WARN_ABOUT_RETURN_TYPE = YES_ERROR;
				GCC_WARN_UNDECLARED_SELECTOR = YES;
				GCC_WARN_UNINITIALIZED_AUTOS = YES_AGGRESSIVE;
				GCC_WARN_UNUSED_FUNCTION = YES;
				GCC_WARN_UNUSED_VARIABLE = YES;
				IPHONEOS_DEPLOYMENT_TARGET = 13.0;
				MTL_ENABLE_DEBUG_INFO = NO;
				MTL_FAST_MATH = YES;
				SDKROOT = iphoneos;
				SWIFT_COMPILATION_MODE = wholemodule;
				SWIFT_OPTIMIZATION_LEVEL = "-O";
				VALIDATE_PRODUCT = YES;
			};
			name = Release;
		};
		3A7FCF7B233D218600180DD2 /* Debug */ = {
			isa = XCBuildConfiguration;
			buildSettings = {
				ASSETCATALOG_COMPILER_APPICON_NAME = AppIcon;
				CODE_SIGN_STYLE = Automatic;
				DEVELOPMENT_TEAM = BHJSDBBPS7;
				INFOPLIST_FILE = collectionViewsLab/Info.plist;
				LD_RUNPATH_SEARCH_PATHS = (
					"$(inherited)",
					"@executable_path/Frameworks",
				);
				PRODUCT_BUNDLE_IDENTIFIER = pursuit.collectionViewsLab;
				PRODUCT_NAME = "$(TARGET_NAME)";
				SWIFT_VERSION = 5.0;
				TARGETED_DEVICE_FAMILY = "1,2";
			};
			name = Debug;
		};
		3A7FCF7C233D218600180DD2 /* Release */ = {
			isa = XCBuildConfiguration;
			buildSettings = {
				ASSETCATALOG_COMPILER_APPICON_NAME = AppIcon;
				CODE_SIGN_STYLE = Automatic;
				DEVELOPMENT_TEAM = BHJSDBBPS7;
				INFOPLIST_FILE = collectionViewsLab/Info.plist;
				LD_RUNPATH_SEARCH_PATHS = (
					"$(inherited)",
					"@executable_path/Frameworks",
				);
				PRODUCT_BUNDLE_IDENTIFIER = pursuit.collectionViewsLab;
				PRODUCT_NAME = "$(TARGET_NAME)";
				SWIFT_VERSION = 5.0;
				TARGETED_DEVICE_FAMILY = "1,2";
			};
			name = Release;
		};
		3A7FCF7E233D218600180DD2 /* Debug */ = {
			isa = XCBuildConfiguration;
			buildSettings = {
				ALWAYS_EMBED_SWIFT_STANDARD_LIBRARIES = YES;
				BUNDLE_LOADER = "$(TEST_HOST)";
				CODE_SIGN_STYLE = Automatic;
				DEVELOPMENT_TEAM = BHJSDBBPS7;
				INFOPLIST_FILE = collectionViewsLabTests/Info.plist;
				IPHONEOS_DEPLOYMENT_TARGET = 13.0;
				LD_RUNPATH_SEARCH_PATHS = (
					"$(inherited)",
					"@executable_path/Frameworks",
					"@loader_path/Frameworks",
				);
				PRODUCT_BUNDLE_IDENTIFIER = pursuit.collectionViewsLabTests;
				PRODUCT_NAME = "$(TARGET_NAME)";
				SWIFT_VERSION = 5.0;
				TARGETED_DEVICE_FAMILY = "1,2";
				TEST_HOST = "$(BUILT_PRODUCTS_DIR)/collectionViewsLab.app/collectionViewsLab";
			};
			name = Debug;
		};
		3A7FCF7F233D218600180DD2 /* Release */ = {
			isa = XCBuildConfiguration;
			buildSettings = {
				ALWAYS_EMBED_SWIFT_STANDARD_LIBRARIES = YES;
				BUNDLE_LOADER = "$(TEST_HOST)";
				CODE_SIGN_STYLE = Automatic;
				DEVELOPMENT_TEAM = BHJSDBBPS7;
				INFOPLIST_FILE = collectionViewsLabTests/Info.plist;
				IPHONEOS_DEPLOYMENT_TARGET = 13.0;
				LD_RUNPATH_SEARCH_PATHS = (
					"$(inherited)",
					"@executable_path/Frameworks",
					"@loader_path/Frameworks",
				);
				PRODUCT_BUNDLE_IDENTIFIER = pursuit.collectionViewsLabTests;
				PRODUCT_NAME = "$(TARGET_NAME)";
				SWIFT_VERSION = 5.0;
				TARGETED_DEVICE_FAMILY = "1,2";
				TEST_HOST = "$(BUILT_PRODUCTS_DIR)/collectionViewsLab.app/collectionViewsLab";
			};
			name = Release;
		};
		3A7FCF81233D218600180DD2 /* Debug */ = {
			isa = XCBuildConfiguration;
			buildSettings = {
				ALWAYS_EMBED_SWIFT_STANDARD_LIBRARIES = YES;
				CODE_SIGN_STYLE = Automatic;
				DEVELOPMENT_TEAM = BHJSDBBPS7;
				INFOPLIST_FILE = collectionViewsLabUITests/Info.plist;
				LD_RUNPATH_SEARCH_PATHS = (
					"$(inherited)",
					"@executable_path/Frameworks",
					"@loader_path/Frameworks",
				);
				PRODUCT_BUNDLE_IDENTIFIER = pursuit.collectionViewsLabUITests;
				PRODUCT_NAME = "$(TARGET_NAME)";
				SWIFT_VERSION = 5.0;
				TARGETED_DEVICE_FAMILY = "1,2";
				TEST_TARGET_NAME = collectionViewsLab;
			};
			name = Debug;
		};
		3A7FCF82233D218600180DD2 /* Release */ = {
			isa = XCBuildConfiguration;
			buildSettings = {
				ALWAYS_EMBED_SWIFT_STANDARD_LIBRARIES = YES;
				CODE_SIGN_STYLE = Automatic;
				DEVELOPMENT_TEAM = BHJSDBBPS7;
				INFOPLIST_FILE = collectionViewsLabUITests/Info.plist;
				LD_RUNPATH_SEARCH_PATHS = (
					"$(inherited)",
					"@executable_path/Frameworks",
					"@loader_path/Frameworks",
				);
				PRODUCT_BUNDLE_IDENTIFIER = pursuit.collectionViewsLabUITests;
				PRODUCT_NAME = "$(TARGET_NAME)";
				SWIFT_VERSION = 5.0;
				TARGETED_DEVICE_FAMILY = "1,2";
				TEST_TARGET_NAME = collectionViewsLab;
			};
			name = Release;
		};
/* End XCBuildConfiguration section */

/* Begin XCConfigurationList section */
		3A7FCF4B233D218300180DD2 /* Build configuration list for PBXProject "collectionViewsLab" */ = {
			isa = XCConfigurationList;
			buildConfigurations = (
				3A7FCF78233D218600180DD2 /* Debug */,
				3A7FCF79233D218600180DD2 /* Release */,
			);
			defaultConfigurationIsVisible = 0;
			defaultConfigurationName = Release;
		};
		3A7FCF7A233D218600180DD2 /* Build configuration list for PBXNativeTarget "collectionViewsLab" */ = {
			isa = XCConfigurationList;
			buildConfigurations = (
				3A7FCF7B233D218600180DD2 /* Debug */,
				3A7FCF7C233D218600180DD2 /* Release */,
			);
			defaultConfigurationIsVisible = 0;
			defaultConfigurationName = Release;
		};
		3A7FCF7D233D218600180DD2 /* Build configuration list for PBXNativeTarget "collectionViewsLabTests" */ = {
			isa = XCConfigurationList;
			buildConfigurations = (
				3A7FCF7E233D218600180DD2 /* Debug */,
				3A7FCF7F233D218600180DD2 /* Release */,
			);
			defaultConfigurationIsVisible = 0;
			defaultConfigurationName = Release;
		};
		3A7FCF80233D218600180DD2 /* Build configuration list for PBXNativeTarget "collectionViewsLabUITests" */ = {
			isa = XCConfigurationList;
			buildConfigurations = (
				3A7FCF81233D218600180DD2 /* Debug */,
				3A7FCF82233D218600180DD2 /* Release */,
			);
			defaultConfigurationIsVisible = 0;
			defaultConfigurationName = Release;
		};
/* End XCConfigurationList section */
	};
	rootObject = 3A7FCF48233D218300180DD2 /* Project object */;
}
