// !$*UTF8*$!
{
	archiveVersion = 1;
	classes = {
	};
	objectVersion = 52;
	objects = {

/* Begin PBXBuildFile section */
		F110272923CFABE5000758F7 /* CountryCell.swift in Sources */ = {isa = PBXBuildFile; fileRef = F110272823CFABE5000758F7 /* CountryCell.swift */; };
		F110272C23CFB19D000758F7 /* ViewController+Extensions.swift in Sources */ = {isa = PBXBuildFile; fileRef = F110272B23CFB19D000758F7 /* ViewController+Extensions.swift */; };
		F110272E23D0B32D000758F7 /* DetailViewController.swift in Sources */ = {isa = PBXBuildFile; fileRef = F110272D23D0B32C000758F7 /* DetailViewController.swift */; };
		F14E22CD23CE7F8D00A1E6E1 /* AppDelegate.swift in Sources */ = {isa = PBXBuildFile; fileRef = F14E22CC23CE7F8D00A1E6E1 /* AppDelegate.swift */; };
		F14E22CF23CE7F8D00A1E6E1 /* SceneDelegate.swift in Sources */ = {isa = PBXBuildFile; fileRef = F14E22CE23CE7F8D00A1E6E1 /* SceneDelegate.swift */; };
		F14E22D123CE7F8D00A1E6E1 /* ViewController.swift in Sources */ = {isa = PBXBuildFile; fileRef = F14E22D023CE7F8D00A1E6E1 /* ViewController.swift */; };
		F14E22D423CE7F8D00A1E6E1 /* Main.storyboard in Resources */ = {isa = PBXBuildFile; fileRef = F14E22D223CE7F8D00A1E6E1 /* Main.storyboard */; };
		F14E22D623CE7F9000A1E6E1 /* Assets.xcassets in Resources */ = {isa = PBXBuildFile; fileRef = F14E22D523CE7F9000A1E6E1 /* Assets.xcassets */; };
		F14E22D923CE7F9000A1E6E1 /* LaunchScreen.storyboard in Resources */ = {isa = PBXBuildFile; fileRef = F14E22D723CE7F9000A1E6E1 /* LaunchScreen.storyboard */; };
		F14E22E423CE7F9000A1E6E1 /* Pursuit_Core_iOS_Collection_View_LabTests.swift in Sources */ = {isa = PBXBuildFile; fileRef = F14E22E323CE7F9000A1E6E1 /* Pursuit_Core_iOS_Collection_View_LabTests.swift */; };
		F14E22F323CE85EA00A1E6E1 /* ImageKit in Frameworks */ = {isa = PBXBuildFile; productRef = F14E22F223CE85EA00A1E6E1 /* ImageKit */; };
		F14E22F523CE864000A1E6E1 /* CountryModel.swift in Sources */ = {isa = PBXBuildFile; fileRef = F14E22F423CE864000A1E6E1 /* CountryModel.swift */; };
		F14E22F923CE878400A1E6E1 /* CountriesAPIClient.swift in Sources */ = {isa = PBXBuildFile; fileRef = F14E22F823CE878400A1E6E1 /* CountriesAPIClient.swift */; };
/* End PBXBuildFile section */

/* Begin PBXContainerItemProxy section */
		F14E22E023CE7F9000A1E6E1 /* PBXContainerItemProxy */ = {
			isa = PBXContainerItemProxy;
			containerPortal = F14E22C123CE7F8D00A1E6E1 /* Project object */;
			proxyType = 1;
			remoteGlobalIDString = F14E22C823CE7F8D00A1E6E1;
			remoteInfo = "Pursuit-Core-iOS-Collection-View-Lab";
		};
/* End PBXContainerItemProxy section */

/* Begin PBXFileReference section */
		F110272823CFABE5000758F7 /* CountryCell.swift */ = {isa = PBXFileReference; lastKnownFileType = sourcecode.swift; path = CountryCell.swift; sourceTree = "<group>"; };
		F110272B23CFB19D000758F7 /* ViewController+Extensions.swift */ = {isa = PBXFileReference; lastKnownFileType = sourcecode.swift; path = "ViewController+Extensions.swift"; sourceTree = "<group>"; };
		F110272D23D0B32C000758F7 /* DetailViewController.swift */ = {isa = PBXFileReference; lastKnownFileType = sourcecode.swift; path = DetailViewController.swift; sourceTree = "<group>"; };
		F14E22C923CE7F8D00A1E6E1 /* Pursuit-Core-iOS-Collection-View-Lab.app */ = {isa = PBXFileReference; explicitFileType = wrapper.application; includeInIndex = 0; path = "Pursuit-Core-iOS-Collection-View-Lab.app"; sourceTree = BUILT_PRODUCTS_DIR; };
		F14E22CC23CE7F8D00A1E6E1 /* AppDelegate.swift */ = {isa = PBXFileReference; lastKnownFileType = sourcecode.swift; path = AppDelegate.swift; sourceTree = "<group>"; };
		F14E22CE23CE7F8D00A1E6E1 /* SceneDelegate.swift */ = {isa = PBXFileReference; lastKnownFileType = sourcecode.swift; path = SceneDelegate.swift; sourceTree = "<group>"; };
		F14E22D023CE7F8D00A1E6E1 /* ViewController.swift */ = {isa = PBXFileReference; lastKnownFileType = sourcecode.swift; path = ViewController.swift; sourceTree = "<group>"; };
		F14E22D323CE7F8D00A1E6E1 /* Base */ = {isa = PBXFileReference; lastKnownFileType = file.storyboard; name = Base; path = Base.lproj/Main.storyboard; sourceTree = "<group>"; };
		F14E22D523CE7F9000A1E6E1 /* Assets.xcassets */ = {isa = PBXFileReference; lastKnownFileType = folder.assetcatalog; path = Assets.xcassets; sourceTree = "<group>"; };
		F14E22D823CE7F9000A1E6E1 /* Base */ = {isa = PBXFileReference; lastKnownFileType = file.storyboard; name = Base; path = Base.lproj/LaunchScreen.storyboard; sourceTree = "<group>"; };
		F14E22DA23CE7F9000A1E6E1 /* Info.plist */ = {isa = PBXFileReference; lastKnownFileType = text.plist.xml; path = Info.plist; sourceTree = "<group>"; };
		F14E22DF23CE7F9000A1E6E1 /* Pursuit-Core-iOS-Collection-View-LabTests.xctest */ = {isa = PBXFileReference; explicitFileType = wrapper.cfbundle; includeInIndex = 0; path = "Pursuit-Core-iOS-Collection-View-LabTests.xctest"; sourceTree = BUILT_PRODUCTS_DIR; };
		F14E22E323CE7F9000A1E6E1 /* Pursuit_Core_iOS_Collection_View_LabTests.swift */ = {isa = PBXFileReference; lastKnownFileType = sourcecode.swift; path = Pursuit_Core_iOS_Collection_View_LabTests.swift; sourceTree = "<group>"; };
		F14E22E523CE7F9000A1E6E1 /* Info.plist */ = {isa = PBXFileReference; lastKnownFileType = text.plist.xml; path = Info.plist; sourceTree = "<group>"; };
		F14E22F423CE864000A1E6E1 /* CountryModel.swift */ = {isa = PBXFileReference; lastKnownFileType = sourcecode.swift; path = CountryModel.swift; sourceTree = "<group>"; };
		F14E22F823CE878400A1E6E1 /* CountriesAPIClient.swift */ = {isa = PBXFileReference; lastKnownFileType = sourcecode.swift; path = CountriesAPIClient.swift; sourceTree = "<group>"; };
/* End PBXFileReference section */

/* Begin PBXFrameworksBuildPhase section */
		F14E22C623CE7F8D00A1E6E1 /* Frameworks */ = {
			isa = PBXFrameworksBuildPhase;
			buildActionMask = 2147483647;
			files = (
				F14E22F323CE85EA00A1E6E1 /* ImageKit in Frameworks */,
			);
			runOnlyForDeploymentPostprocessing = 0;
		};
		F14E22DC23CE7F9000A1E6E1 /* Frameworks */ = {
			isa = PBXFrameworksBuildPhase;
			buildActionMask = 2147483647;
			files = (
			);
			runOnlyForDeploymentPostprocessing = 0;
		};
/* End PBXFrameworksBuildPhase section */

/* Begin PBXGroup section */
		F110272A23CFB168000758F7 /* ViewController+Extensions */ = {
			isa = PBXGroup;
			children = (
				F110272B23CFB19D000758F7 /* ViewController+Extensions.swift */,
			);
			path = "ViewController+Extensions";
			sourceTree = "<group>";
		};
		F14E22C023CE7F8D00A1E6E1 = {
			isa = PBXGroup;
			children = (
				F14E22CB23CE7F8D00A1E6E1 /* Pursuit-Core-iOS-Collection-View-Lab */,
				F14E22E223CE7F9000A1E6E1 /* Pursuit-Core-iOS-Collection-View-LabTests */,
				F14E22CA23CE7F8D00A1E6E1 /* Products */,
			);
			sourceTree = "<group>";
		};
		F14E22CA23CE7F8D00A1E6E1 /* Products */ = {
			isa = PBXGroup;
			children = (
				F14E22C923CE7F8D00A1E6E1 /* Pursuit-Core-iOS-Collection-View-Lab.app */,
				F14E22DF23CE7F9000A1E6E1 /* Pursuit-Core-iOS-Collection-View-LabTests.xctest */,
			);
			name = Products;
			sourceTree = "<group>";
		};
		F14E22CB23CE7F8D00A1E6E1 /* Pursuit-Core-iOS-Collection-View-Lab */ = {
			isa = PBXGroup;
			children = (
				F110272A23CFB168000758F7 /* ViewController+Extensions */,
				F14E22F723CE872B00A1E6E1 /* Network Services */,
				F14E22F023CE853C00A1E6E1 /* Models */,
				F14E22EF23CE852F00A1E6E1 /* Supporting Files */,
				F14E22EE23CE851800A1E6E1 /* Controllers */,
				F14E22D223CE7F8D00A1E6E1 /* Main.storyboard */,
				F14E22D723CE7F9000A1E6E1 /* LaunchScreen.storyboard */,
				F14E22DA23CE7F9000A1E6E1 /* Info.plist */,
			);
			path = "Pursuit-Core-iOS-Collection-View-Lab";
			sourceTree = "<group>";
		};
		F14E22E223CE7F9000A1E6E1 /* Pursuit-Core-iOS-Collection-View-LabTests */ = {
			isa = PBXGroup;
			children = (
				F14E22E323CE7F9000A1E6E1 /* Pursuit_Core_iOS_Collection_View_LabTests.swift */,
				F14E22E523CE7F9000A1E6E1 /* Info.plist */,
			);
			path = "Pursuit-Core-iOS-Collection-View-LabTests";
			sourceTree = "<group>";
		};
		F14E22EE23CE851800A1E6E1 /* Controllers */ = {
			isa = PBXGroup;
			children = (
				F14E22D023CE7F8D00A1E6E1 /* ViewController.swift */,
				F110272D23D0B32C000758F7 /* DetailViewController.swift */,
			);
			path = Controllers;
			sourceTree = "<group>";
		};
		F14E22EF23CE852F00A1E6E1 /* Supporting Files */ = {
			isa = PBXGroup;
			children = (
				F14E22CC23CE7F8D00A1E6E1 /* AppDelegate.swift */,
				F14E22CE23CE7F8D00A1E6E1 /* SceneDelegate.swift */,
				F14E22D523CE7F9000A1E6E1 /* Assets.xcassets */,
				F110272823CFABE5000758F7 /* CountryCell.swift */,
			);
			path = "Supporting Files";
			sourceTree = "<group>";
		};
		F14E22F023CE853C00A1E6E1 /* Models */ = {
			isa = PBXGroup;
			children = (
				F14E22F423CE864000A1E6E1 /* CountryModel.swift */,
			);
			path = Models;
			sourceTree = "<group>";
		};
		F14E22F723CE872B00A1E6E1 /* Network Services */ = {
			isa = PBXGroup;
			children = (
				F14E22F823CE878400A1E6E1 /* CountriesAPIClient.swift */,
			);
			path = "Network Services";
			sourceTree = "<group>";
		};
/* End PBXGroup section */

/* Begin PBXNativeTarget section */
		F14E22C823CE7F8D00A1E6E1 /* Pursuit-Core-iOS-Collection-View-Lab */ = {
			isa = PBXNativeTarget;
			buildConfigurationList = F14E22E823CE7F9000A1E6E1 /* Build configuration list for PBXNativeTarget "Pursuit-Core-iOS-Collection-View-Lab" */;
			buildPhases = (
				F14E22C523CE7F8D00A1E6E1 /* Sources */,
				F14E22C623CE7F8D00A1E6E1 /* Frameworks */,
				F14E22C723CE7F8D00A1E6E1 /* Resources */,
			);
			buildRules = (
			);
			dependencies = (
			);
			name = "Pursuit-Core-iOS-Collection-View-Lab";
			packageProductDependencies = (
				F14E22F223CE85EA00A1E6E1 /* ImageKit */,
			);
			productName = "Pursuit-Core-iOS-Collection-View-Lab";
			productReference = F14E22C923CE7F8D00A1E6E1 /* Pursuit-Core-iOS-Collection-View-Lab.app */;
			productType = "com.apple.product-type.application";
		};
		F14E22DE23CE7F9000A1E6E1 /* Pursuit-Core-iOS-Collection-View-LabTests */ = {
			isa = PBXNativeTarget;
			buildConfigurationList = F14E22EB23CE7F9000A1E6E1 /* Build configuration list for PBXNativeTarget "Pursuit-Core-iOS-Collection-View-LabTests" */;
			buildPhases = (
				F14E22DB23CE7F9000A1E6E1 /* Sources */,
				F14E22DC23CE7F9000A1E6E1 /* Frameworks */,
				F14E22DD23CE7F9000A1E6E1 /* Resources */,
			);
			buildRules = (
			);
			dependencies = (
				F14E22E123CE7F9000A1E6E1 /* PBXTargetDependency */,
			);
			name = "Pursuit-Core-iOS-Collection-View-LabTests";
			productName = "Pursuit-Core-iOS-Collection-View-LabTests";
			productReference = F14E22DF23CE7F9000A1E6E1 /* Pursuit-Core-iOS-Collection-View-LabTests.xctest */;
			productType = "com.apple.product-type.bundle.unit-test";
		};
/* End PBXNativeTarget section */

/* Begin PBXProject section */
		F14E22C123CE7F8D00A1E6E1 /* Project object */ = {
			isa = PBXProject;
			attributes = {
				LastSwiftUpdateCheck = 1130;
				LastUpgradeCheck = 1130;
				ORGANIZATIONNAME = "Bienbenido Angeles";
				TargetAttributes = {
					F14E22C823CE7F8D00A1E6E1 = {
						CreatedOnToolsVersion = 11.3;
					};
					F14E22DE23CE7F9000A1E6E1 = {
						CreatedOnToolsVersion = 11.3;
						TestTargetID = F14E22C823CE7F8D00A1E6E1;
					};
				};
			};
			buildConfigurationList = F14E22C423CE7F8D00A1E6E1 /* Build configuration list for PBXProject "Pursuit-Core-iOS-Collection-View-Lab" */;
			compatibilityVersion = "Xcode 9.3";
			developmentRegion = en;
			hasScannedForEncodings = 0;
			knownRegions = (
				en,
				Base,
			);
			mainGroup = F14E22C023CE7F8D00A1E6E1;
			packageReferences = (
				F14E22F123CE85EA00A1E6E1 /* XCRemoteSwiftPackageReference "ImageKit" */,
			);
			productRefGroup = F14E22CA23CE7F8D00A1E6E1 /* Products */;
			projectDirPath = "";
			projectRoot = "";
			targets = (
				F14E22C823CE7F8D00A1E6E1 /* Pursuit-Core-iOS-Collection-View-Lab */,
				F14E22DE23CE7F9000A1E6E1 /* Pursuit-Core-iOS-Collection-View-LabTests */,
			);
		};
/* End PBXProject section */

/* Begin PBXResourcesBuildPhase section */
		F14E22C723CE7F8D00A1E6E1 /* Resources */ = {
			isa = PBXResourcesBuildPhase;
			buildActionMask = 2147483647;
			files = (
				F14E22D923CE7F9000A1E6E1 /* LaunchScreen.storyboard in Resources */,
				F14E22D623CE7F9000A1E6E1 /* Assets.xcassets in Resources */,
				F14E22D423CE7F8D00A1E6E1 /* Main.storyboard in Resources */,
			);
			runOnlyForDeploymentPostprocessing = 0;
		};
		F14E22DD23CE7F9000A1E6E1 /* Resources */ = {
			isa = PBXResourcesBuildPhase;
			buildActionMask = 2147483647;
			files = (
			);
			runOnlyForDeploymentPostprocessing = 0;
		};
/* End PBXResourcesBuildPhase section */

/* Begin PBXSourcesBuildPhase section */
		F14E22C523CE7F8D00A1E6E1 /* Sources */ = {
			isa = PBXSourcesBuildPhase;
			buildActionMask = 2147483647;
			files = (
				F14E22D123CE7F8D00A1E6E1 /* ViewController.swift in Sources */,
				F14E22CD23CE7F8D00A1E6E1 /* AppDelegate.swift in Sources */,
				F110272923CFABE5000758F7 /* CountryCell.swift in Sources */,
				F14E22F523CE864000A1E6E1 /* CountryModel.swift in Sources */,
				F14E22F923CE878400A1E6E1 /* CountriesAPIClient.swift in Sources */,
				F14E22CF23CE7F8D00A1E6E1 /* SceneDelegate.swift in Sources */,
				F110272C23CFB19D000758F7 /* ViewController+Extensions.swift in Sources */,
				F110272E23D0B32D000758F7 /* DetailViewController.swift in Sources */,
			);
			runOnlyForDeploymentPostprocessing = 0;
		};
		F14E22DB23CE7F9000A1E6E1 /* Sources */ = {
			isa = PBXSourcesBuildPhase;
			buildActionMask = 2147483647;
			files = (
				F14E22E423CE7F9000A1E6E1 /* Pursuit_Core_iOS_Collection_View_LabTests.swift in Sources */,
			);
			runOnlyForDeploymentPostprocessing = 0;
		};
/* End PBXSourcesBuildPhase section */

/* Begin PBXTargetDependency section */
		F14E22E123CE7F9000A1E6E1 /* PBXTargetDependency */ = {
			isa = PBXTargetDependency;
			target = F14E22C823CE7F8D00A1E6E1 /* Pursuit-Core-iOS-Collection-View-Lab */;
			targetProxy = F14E22E023CE7F9000A1E6E1 /* PBXContainerItemProxy */;
		};
/* End PBXTargetDependency section */

/* Begin PBXVariantGroup section */
		F14E22D223CE7F8D00A1E6E1 /* Main.storyboard */ = {
			isa = PBXVariantGroup;
			children = (
				F14E22D323CE7F8D00A1E6E1 /* Base */,
			);
			name = Main.storyboard;
			sourceTree = "<group>";
		};
		F14E22D723CE7F9000A1E6E1 /* LaunchScreen.storyboard */ = {
			isa = PBXVariantGroup;
			children = (
				F14E22D823CE7F9000A1E6E1 /* Base */,
			);
			name = LaunchScreen.storyboard;
			sourceTree = "<group>";
		};
/* End PBXVariantGroup section */

/* Begin XCBuildConfiguration section */
		F14E22E623CE7F9000A1E6E1 /* Debug */ = {
			isa = XCBuildConfiguration;
			buildSettings = {
				ALWAYS_SEARCH_USER_PATHS = NO;
				CLANG_ANALYZER_NONNULL = YES;
				CLANG_ANALYZER_NUMBER_OBJECT_CONVERSION = YES_AGGRESSIVE;
				CLANG_CXX_LANGUAGE_STANDARD = "gnu++14";
				CLANG_CXX_LIBRARY = "libc++";
				CLANG_ENABLE_MODULES = YES;
				CLANG_ENABLE_OBJC_ARC = YES;
				CLANG_ENABLE_OBJC_WEAK = YES;
				CLANG_WARN_BLOCK_CAPTURE_AUTORELEASING = YES;
				CLANG_WARN_BOOL_CONVERSION = YES;
				CLANG_WARN_COMMA = YES;
				CLANG_WARN_CONSTANT_CONVERSION = YES;
				CLANG_WARN_DEPRECATED_OBJC_IMPLEMENTATIONS = YES;
				CLANG_WARN_DIRECT_OBJC_ISA_USAGE = YES_ERROR;
				CLANG_WARN_DOCUMENTATION_COMMENTS = YES;
				CLANG_WARN_EMPTY_BODY = YES;
				CLANG_WARN_ENUM_CONVERSION = YES;
				CLANG_WARN_INFINITE_RECURSION = YES;
				CLANG_WARN_INT_CONVERSION = YES;
				CLANG_WARN_NON_LITERAL_NULL_CONVERSION = YES;
				CLANG_WARN_OBJC_IMPLICIT_RETAIN_SELF = YES;
				CLANG_WARN_OBJC_LITERAL_CONVERSION = YES;
				CLANG_WARN_OBJC_ROOT_CLASS = YES_ERROR;
				CLANG_WARN_RANGE_LOOP_ANALYSIS = YES;
				CLANG_WARN_STRICT_PROTOTYPES = YES;
				CLANG_WARN_SUSPICIOUS_MOVE = YES;
				CLANG_WARN_UNGUARDED_AVAILABILITY = YES_AGGRESSIVE;
				CLANG_WARN_UNREACHABLE_CODE = YES;
				CLANG_WARN__DUPLICATE_METHOD_MATCH = YES;
				COPY_PHASE_STRIP = NO;
				DEBUG_INFORMATION_FORMAT = dwarf;
				ENABLE_STRICT_OBJC_MSGSEND = YES;
				ENABLE_TESTABILITY = YES;
				GCC_C_LANGUAGE_STANDARD = gnu11;
				GCC_DYNAMIC_NO_PIC = NO;
				GCC_NO_COMMON_BLOCKS = YES;
				GCC_OPTIMIZATION_LEVEL = 0;
				GCC_PREPROCESSOR_DEFINITIONS = (
					"DEBUG=1",
					"$(inherited)",
				);
				GCC_WARN_64_TO_32_BIT_CONVERSION = YES;
				GCC_WARN_ABOUT_RETURN_TYPE = YES_ERROR;
				GCC_WARN_UNDECLARED_SELECTOR = YES;
				GCC_WARN_UNINITIALIZED_AUTOS = YES_AGGRESSIVE;
				GCC_WARN_UNUSED_FUNCTION = YES;
				GCC_WARN_UNUSED_VARIABLE = YES;
				IPHONEOS_DEPLOYMENT_TARGET = 13.2;
				MTL_ENABLE_DEBUG_INFO = INCLUDE_SOURCE;
				MTL_FAST_MATH = YES;
				ONLY_ACTIVE_ARCH = YES;
				SDKROOT = iphoneos;
				SWIFT_ACTIVE_COMPILATION_CONDITIONS = DEBUG;
				SWIFT_OPTIMIZATION_LEVEL = "-Onone";
			};
			name = Debug;
		};
		F14E22E723CE7F9000A1E6E1 /* Release */ = {
			isa = XCBuildConfiguration;
			buildSettings = {
				ALWAYS_SEARCH_USER_PATHS = NO;
				CLANG_ANALYZER_NONNULL = YES;
				CLANG_ANALYZER_NUMBER_OBJECT_CONVERSION = YES_AGGRESSIVE;
				CLANG_CXX_LANGUAGE_STANDARD = "gnu++14";
				CLANG_CXX_LIBRARY = "libc++";
				CLANG_ENABLE_MODULES = YES;
				CLANG_ENABLE_OBJC_ARC = YES;
				CLANG_ENABLE_OBJC_WEAK = YES;
				CLANG_WARN_BLOCK_CAPTURE_AUTORELEASING = YES;
				CLANG_WARN_BOOL_CONVERSION = YES;
				CLANG_WARN_COMMA = YES;
				CLANG_WARN_CONSTANT_CONVERSION = YES;
				CLANG_WARN_DEPRECATED_OBJC_IMPLEMENTATIONS = YES;
				CLANG_WARN_DIRECT_OBJC_ISA_USAGE = YES_ERROR;
				CLANG_WARN_DOCUMENTATION_COMMENTS = YES;
				CLANG_WARN_EMPTY_BODY = YES;
				CLANG_WARN_ENUM_CONVERSION = YES;
				CLANG_WARN_INFINITE_RECURSION = YES;
				CLANG_WARN_INT_CONVERSION = YES;
				CLANG_WARN_NON_LITERAL_NULL_CONVERSION = YES;
				CLANG_WARN_OBJC_IMPLICIT_RETAIN_SELF = YES;
				CLANG_WARN_OBJC_LITERAL_CONVERSION = YES;
				CLANG_WARN_OBJC_ROOT_CLASS = YES_ERROR;
				CLANG_WARN_RANGE_LOOP_ANALYSIS = YES;
				CLANG_WARN_STRICT_PROTOTYPES = YES;
				CLANG_WARN_SUSPICIOUS_MOVE = YES;
				CLANG_WARN_UNGUARDED_AVAILABILITY = YES_AGGRESSIVE;
				CLANG_WARN_UNREACHABLE_CODE = YES;
				CLANG_WARN__DUPLICATE_METHOD_MATCH = YES;
				COPY_PHASE_STRIP = NO;
				DEBUG_INFORMATION_FORMAT = "dwarf-with-dsym";
				ENABLE_NS_ASSERTIONS = NO;
				ENABLE_STRICT_OBJC_MSGSEND = YES;
				GCC_C_LANGUAGE_STANDARD = gnu11;
				GCC_NO_COMMON_BLOCKS = YES;
				GCC_WARN_64_TO_32_BIT_CONVERSION = YES;
				GCC_WARN_ABOUT_RETURN_TYPE = YES_ERROR;
				GCC_WARN_UNDECLARED_SELECTOR = YES;
				GCC_WARN_UNINITIALIZED_AUTOS = YES_AGGRESSIVE;
				GCC_WARN_UNUSED_FUNCTION = YES;
				GCC_WARN_UNUSED_VARIABLE = YES;
				IPHONEOS_DEPLOYMENT_TARGET = 13.2;
				MTL_ENABLE_DEBUG_INFO = NO;
				MTL_FAST_MATH = YES;
				SDKROOT = iphoneos;
				SWIFT_COMPILATION_MODE = wholemodule;
				SWIFT_OPTIMIZATION_LEVEL = "-O";
				VALIDATE_PRODUCT = YES;
			};
			name = Release;
		};
		F14E22E923CE7F9000A1E6E1 /* Debug */ = {
			isa = XCBuildConfiguration;
			buildSettings = {
				ASSETCATALOG_COMPILER_APPICON_NAME = AppIcon;
				CODE_SIGN_STYLE = Automatic;
				DEVELOPMENT_TEAM = QZLWJATC87;
				INFOPLIST_FILE = "Pursuit-Core-iOS-Collection-View-Lab/Info.plist";
				LD_RUNPATH_SEARCH_PATHS = (
					"$(inherited)",
					"@executable_path/Frameworks",
				);
				PRODUCT_BUNDLE_IDENTIFIER = "com.BienbenidoAngeles.Pursuit-Core-iOS-Collection-View-Lab";
				PRODUCT_NAME = "$(TARGET_NAME)";
				SWIFT_VERSION = 5.0;
				TARGETED_DEVICE_FAMILY = "1,2";
			};
			name = Debug;
		};
		F14E22EA23CE7F9000A1E6E1 /* Release */ = {
			isa = XCBuildConfiguration;
			buildSettings = {
				ASSETCATALOG_COMPILER_APPICON_NAME = AppIcon;
				CODE_SIGN_STYLE = Automatic;
				DEVELOPMENT_TEAM = QZLWJATC87;
				INFOPLIST_FILE = "Pursuit-Core-iOS-Collection-View-Lab/Info.plist";
				LD_RUNPATH_SEARCH_PATHS = (
					"$(inherited)",
					"@executable_path/Frameworks",
				);
				PRODUCT_BUNDLE_IDENTIFIER = "com.BienbenidoAngeles.Pursuit-Core-iOS-Collection-View-Lab";
				PRODUCT_NAME = "$(TARGET_NAME)";
				SWIFT_VERSION = 5.0;
				TARGETED_DEVICE_FAMILY = "1,2";
			};
			name = Release;
		};
		F14E22EC23CE7F9000A1E6E1 /* Debug */ = {
			isa = XCBuildConfiguration;
			buildSettings = {
				ALWAYS_EMBED_SWIFT_STANDARD_LIBRARIES = YES;
				BUNDLE_LOADER = "$(TEST_HOST)";
				CODE_SIGN_STYLE = Automatic;
				DEVELOPMENT_TEAM = QZLWJATC87;
				INFOPLIST_FILE = "Pursuit-Core-iOS-Collection-View-LabTests/Info.plist";
				IPHONEOS_DEPLOYMENT_TARGET = 13.2;
				LD_RUNPATH_SEARCH_PATHS = (
					"$(inherited)",
					"@executable_path/Frameworks",
					"@loader_path/Frameworks",
				);
				PRODUCT_BUNDLE_IDENTIFIER = "com.BienbenidoAngeles.Pursuit-Core-iOS-Collection-View-LabTests";
				PRODUCT_NAME = "$(TARGET_NAME)";
				SWIFT_VERSION = 5.0;
				TARGETED_DEVICE_FAMILY = "1,2";
				TEST_HOST = "$(BUILT_PRODUCTS_DIR)/Pursuit-Core-iOS-Collection-View-Lab.app/Pursuit-Core-iOS-Collection-View-Lab";
			};
			name = Debug;
		};
		F14E22ED23CE7F9000A1E6E1 /* Release */ = {
			isa = XCBuildConfiguration;
			buildSettings = {
				ALWAYS_EMBED_SWIFT_STANDARD_LIBRARIES = YES;
				BUNDLE_LOADER = "$(TEST_HOST)";
				CODE_SIGN_STYLE = Automatic;
				DEVELOPMENT_TEAM = QZLWJATC87;
				INFOPLIST_FILE = "Pursuit-Core-iOS-Collection-View-LabTests/Info.plist";
				IPHONEOS_DEPLOYMENT_TARGET = 13.2;
				LD_RUNPATH_SEARCH_PATHS = (
					"$(inherited)",
					"@executable_path/Frameworks",
					"@loader_path/Frameworks",
				);
				PRODUCT_BUNDLE_IDENTIFIER = "com.BienbenidoAngeles.Pursuit-Core-iOS-Collection-View-LabTests";
				PRODUCT_NAME = "$(TARGET_NAME)";
				SWIFT_VERSION = 5.0;
				TARGETED_DEVICE_FAMILY = "1,2";
				TEST_HOST = "$(BUILT_PRODUCTS_DIR)/Pursuit-Core-iOS-Collection-View-Lab.app/Pursuit-Core-iOS-Collection-View-Lab";
			};
			name = Release;
		};
/* End XCBuildConfiguration section */

/* Begin XCConfigurationList section */
		F14E22C423CE7F8D00A1E6E1 /* Build configuration list for PBXProject "Pursuit-Core-iOS-Collection-View-Lab" */ = {
			isa = XCConfigurationList;
			buildConfigurations = (
				F14E22E623CE7F9000A1E6E1 /* Debug */,
				F14E22E723CE7F9000A1E6E1 /* Release */,
			);
			defaultConfigurationIsVisible = 0;
			defaultConfigurationName = Release;
		};
		F14E22E823CE7F9000A1E6E1 /* Build configuration list for PBXNativeTarget "Pursuit-Core-iOS-Collection-View-Lab" */ = {
			isa = XCConfigurationList;
			buildConfigurations = (
				F14E22E923CE7F9000A1E6E1 /* Debug */,
				F14E22EA23CE7F9000A1E6E1 /* Release */,
			);
			defaultConfigurationIsVisible = 0;
			defaultConfigurationName = Release;
		};
		F14E22EB23CE7F9000A1E6E1 /* Build configuration list for PBXNativeTarget "Pursuit-Core-iOS-Collection-View-LabTests" */ = {
			isa = XCConfigurationList;
			buildConfigurations = (
				F14E22EC23CE7F9000A1E6E1 /* Debug */,
				F14E22ED23CE7F9000A1E6E1 /* Release */,
			);
			defaultConfigurationIsVisible = 0;
			defaultConfigurationName = Release;
		};
/* End XCConfigurationList section */

/* Begin XCRemoteSwiftPackageReference section */
		F14E22F123CE85EA00A1E6E1 /* XCRemoteSwiftPackageReference "ImageKit" */ = {
			isa = XCRemoteSwiftPackageReference;
			repositoryURL = "https://github.com/alexpaul/ImageKit.git";
			requirement = {
				kind = upToNextMajorVersion;
				minimumVersion = 1.0.4;
			};
		};
/* End XCRemoteSwiftPackageReference section */

/* Begin XCSwiftPackageProductDependency section */
		F14E22F223CE85EA00A1E6E1 /* ImageKit */ = {
			isa = XCSwiftPackageProductDependency;
			package = F14E22F123CE85EA00A1E6E1 /* XCRemoteSwiftPackageReference "ImageKit" */;
			productName = ImageKit;
		};
/* End XCSwiftPackageProductDependency section */
	};
	rootObject = F14E22C123CE7F8D00A1E6E1 /* Project object */;
}
